# Vendored Xore/theme pin. Written by scripts/sync-theme.sh, enforced by
# scripts/check-vendored-theme.sh. forward-auth/ui/theme.css must stay
# byte-identical to theme.css at this commit.
repository=https://github.com/Xore/theme
commit=b12715d9b5025576dea7f1b38cffb7fc589f53f4
date=2026-08-05T19:10:14+02:00
sha256=be9107ddeb14e2d48ef8da93a29f858a9bd627ca8b77cae1577498b7c21b84b8
