# Vendored Xore/theme pin. Written by scripts/sync-theme.sh, enforced by
# scripts/check-vendored-theme.sh. forward-auth/ui/theme.css must stay
# byte-identical to theme.css at this commit.
repository=https://github.com/Xore/theme
commit=1bba2880971435f4739b75c939bf310a1d700b23
date=2026-08-05T15:48:31+00:00
sha256=00b28de392f2520fbef15e6498e9d7e617d7c306164d340f8827f732c60fa004
